
Microsoft Visual Studio Solution File, Format Version 12.00
# Visual Studio 15
VisualStudioVersion = 15.0.28307.1082
MinimumVisualStudioVersion = 10.0.40219.1
Project("{9A19103F-16F7-4668-BE54-9A1E7A4F7556}") = "DesignPattern", "DesignPattern\DesignPattern.csproj", "{F8C8668E-6876-43A9-A043-96DDF29902D2}"
EndProject
Project("{9A19103F-16F7-4668-BE54-9A1E7A4F7556}") = "DesignPattern.Web", "DesignPattern.Web\DesignPattern.Web.csproj", "{E62D1450-E1E3-4C38-AB00-863FEA5E6AFB}"
EndProject
Project("{FAE04EC0-301F-11D3-BF4B-00C04F79EFBC}") = "DesignPrinciple", "DesignPrinciple\DesignPrinciple.csproj", "{EAF070C9-4232-4B8D-96C7-BDA6E06A6008}"
EndProject
Global
	GlobalSection(SolutionConfigurationPlatforms) = preSolution
		Debug|Any CPU = Debug|Any CPU
		Release|Any CPU = Release|Any CPU
	EndGlobalSection
	GlobalSection(ProjectConfigurationPlatforms) = postSolution
		{F8C8668E-6876-43A9-A043-96DDF29902D2}.Debug|Any CPU.ActiveCfg = Debug|Any CPU
		{F8C8668E-6876-43A9-A043-96DDF29902D2}.Debug|Any CPU.Build.0 = Debug|Any CPU
		{F8C8668E-6876-43A9-A043-96DDF29902D2}.Release|Any CPU.ActiveCfg = Release|Any CPU
		{F8C8668E-6876-43A9-A043-96DDF29902D2}.Release|Any CPU.Build.0 = Release|Any CPU
		{E62D1450-E1E3-4C38-AB00-863FEA5E6AFB}.Debug|Any CPU.ActiveCfg = Debug|Any CPU
		{E62D1450-E1E3-4C38-AB00-863FEA5E6AFB}.Debug|Any CPU.Build.0 = Debug|Any CPU
		{E62D1450-E1E3-4C38-AB00-863FEA5E6AFB}.Release|Any CPU.ActiveCfg = Release|Any CPU
		{E62D1450-E1E3-4C38-AB00-863FEA5E6AFB}.Release|Any CPU.Build.0 = Release|Any CPU
		{EAF070C9-4232-4B8D-96C7-BDA6E06A6008}.Debug|Any CPU.ActiveCfg = Debug|Any CPU
		{EAF070C9-4232-4B8D-96C7-BDA6E06A6008}.Debug|Any CPU.Build.0 = Debug|Any CPU
		{EAF070C9-4232-4B8D-96C7-BDA6E06A6008}.Release|Any CPU.ActiveCfg = Release|Any CPU
		{EAF070C9-4232-4B8D-96C7-BDA6E06A6008}.Release|Any CPU.Build.0 = Release|Any CPU
	EndGlobalSection
	GlobalSection(SolutionProperties) = preSolution
		HideSolutionNode = FALSE
	EndGlobalSection
	GlobalSection(ExtensibilityGlobals) = postSolution
		SolutionGuid = {4580E4EF-4DFB-4B96-8B4B-5A4E401AB975}
	EndGlobalSection
EndGlobal
